
Microsoft Visual Studio Solution File, Format Version 12.00
# Visual Studio Version 16
VisualStudioVersion = 16.0.31112.23
MinimumVisualStudioVersion = 10.0.40219.1
Project("{FAE04EC0-301F-11D3-BF4B-00C04F79EFBC}") = "BookStore", "BookStore\BookStore.csproj", "{C6562A48-F874-4A88-B962-5660406D94DD}"
EndProject
Global
	GlobalSection(SolutionConfigurationPlatforms) = preSolution
		Debug|Any CPU = Debug|Any CPU
		Release|Any CPU = Release|Any CPU
	EndGlobalSection
	GlobalSection(ProjectConfigurationPlatforms) = postSolution
		{C6562A48-F874-4A88-B962-5660406D94DD}.Debug|Any CPU.ActiveCfg = Debug|Any CPU
		{C6562A48-F874-4A88-B962-5660406D94DD}.Debug|Any CPU.Build.0 = Debug|Any CPU
		{C6562A48-F874-4A88-B962-5660406D94DD}.Release|Any CPU.ActiveCfg = Release|Any CPU
		{C6562A48-F874-4A88-B962-5660406D94DD}.Release|Any CPU.Build.0 = Release|Any CPU
	EndGlobalSection
	GlobalSection(SolutionProperties) = preSolution
		HideSolutionNode = FALSE
	EndGlobalSection
	GlobalSection(ExtensibilityGlobals) = postSolution
		SolutionGuid = {0E0D31C3-163B-4C9E-AE47-864CA21E2BBA}
	EndGlobalSection
EndGlobal
